
Microsoft Visual Studio Solution File, Format Version 12.00
# Visual Studio Version 17
VisualStudioVersion = 17.2.32630.192
MinimumVisualStudioVersion = 10.0.40219.1
Project("{FAE04EC0-301F-11D3-BF4B-00C04F79EFBC}") = "DropOfMilkClinic", "DropOfMilkClinic\DropOfMilkClinic.csproj", "{C3520591-1DF9-4ACB-95FF-5D0BADAA8225}"
EndProject
Global
	GlobalSection(SolutionConfigurationPlatforms) = preSolution
		Debug|Any CPU = Debug|Any CPU
		Release|Any CPU = Release|Any CPU
	EndGlobalSection
	GlobalSection(ProjectConfigurationPlatforms) = postSolution
		{C3520591-1DF9-4ACB-95FF-5D0BADAA8225}.Debug|Any CPU.ActiveCfg = Debug|Any CPU
		{C3520591-1DF9-4ACB-95FF-5D0BADAA8225}.Debug|Any CPU.Build.0 = Debug|Any CPU
		{C3520591-1DF9-4ACB-95FF-5D0BADAA8225}.Release|Any CPU.ActiveCfg = Release|Any CPU
		{C3520591-1DF9-4ACB-95FF-5D0BADAA8225}.Release|Any CPU.Build.0 = Release|Any CPU
	EndGlobalSection
	GlobalSection(SolutionProperties) = preSolution
		HideSolutionNode = FALSE
	EndGlobalSection
	GlobalSection(ExtensibilityGlobals) = postSolution
		SolutionGuid = {83CEE9A6-BFB3-48A2-ABDF-DEC9667FE148}
	EndGlobalSection
EndGlobal
